
Microsoft Visual Studio Solution File, Format Version 12.00
# Visual Studio 15
VisualStudioVersion = 15.0.27130.2010
MinimumVisualStudioVersion = 10.0.40219.1
Project("{8BC9CEB8-8B4A-11D0-8D11-00A0C91BC942}") = "MessengerServer", "src\Server\MessengerServer.vcxproj", "{A14CCA81-3607-4D97-8774-4F4A62C0E188}"
EndProject
Project("{8BC9CEB8-8B4A-11D0-8D11-00A0C91BC942}") = "API", "src\API\API.vcxproj", "{7645130D-B9B7-4DC9-A0D8-0066BE2430D2}"
EndProject
Project("{8BC9CEB8-8B4A-11D0-8D11-00A0C91BC942}") = "Protocol", "src\Protocol\Protocol.vcxproj", "{9ACE21E4-1EA9-4E6C-A4C3-E63E1A1FAC75}"
EndProject
Project("{8BC9CEB8-8B4A-11D0-8D11-00A0C91BC942}") = "Tests", "Tests\Tests.vcxproj", "{70D38B5C-CBF3-415F-8452-CCC51439E5D2}"
EndProject
Project("{8BC9CEB8-8B4A-11D0-8D11-00A0C91BC942}") = "Client", "src\MessengerClient\MessengerClient.vcxproj", "{8C0A0AF6-C3AF-4034-B05D-9319E71EFA63}"
EndProject
Global
	GlobalSection(SolutionConfigurationPlatforms) = preSolution
		Debug|x64 = Debug|x64
		Debug|x86 = Debug|x86
		Release|x64 = Release|x64
		Release|x86 = Release|x86
	EndGlobalSection
	GlobalSection(ProjectConfigurationPlatforms) = postSolution
		{A14CCA81-3607-4D97-8774-4F4A62C0E188}.Debug|x64.ActiveCfg = Debug|x64
		{A14CCA81-3607-4D97-8774-4F4A62C0E188}.Debug|x64.Build.0 = Debug|x64
		{A14CCA81-3607-4D97-8774-4F4A62C0E188}.Debug|x86.ActiveCfg = Debug|Win32
		{A14CCA81-3607-4D97-8774-4F4A62C0E188}.Debug|x86.Build.0 = Debug|Win32
		{A14CCA81-3607-4D97-8774-4F4A62C0E188}.Release|x64.ActiveCfg = Release|x64
		{A14CCA81-3607-4D97-8774-4F4A62C0E188}.Release|x64.Build.0 = Release|x64
		{A14CCA81-3607-4D97-8774-4F4A62C0E188}.Release|x86.ActiveCfg = Release|Win32
		{A14CCA81-3607-4D97-8774-4F4A62C0E188}.Release|x86.Build.0 = Release|Win32
		{7645130D-B9B7-4DC9-A0D8-0066BE2430D2}.Debug|x64.ActiveCfg = Debug|x64
		{7645130D-B9B7-4DC9-A0D8-0066BE2430D2}.Debug|x64.Build.0 = Debug|x64
		{7645130D-B9B7-4DC9-A0D8-0066BE2430D2}.Debug|x86.ActiveCfg = Debug|Win32
		{7645130D-B9B7-4DC9-A0D8-0066BE2430D2}.Debug|x86.Build.0 = Debug|Win32
		{7645130D-B9B7-4DC9-A0D8-0066BE2430D2}.Release|x64.ActiveCfg = Release|x64
		{7645130D-B9B7-4DC9-A0D8-0066BE2430D2}.Release|x64.Build.0 = Release|x64
		{7645130D-B9B7-4DC9-A0D8-0066BE2430D2}.Release|x86.ActiveCfg = Release|Win32
		{7645130D-B9B7-4DC9-A0D8-0066BE2430D2}.Release|x86.Build.0 = Release|Win32
		{9ACE21E4-1EA9-4E6C-A4C3-E63E1A1FAC75}.Debug|x64.ActiveCfg = Debug|x64
		{9ACE21E4-1EA9-4E6C-A4C3-E63E1A1FAC75}.Debug|x64.Build.0 = Debug|x64
		{9ACE21E4-1EA9-4E6C-A4C3-E63E1A1FAC75}.Debug|x86.ActiveCfg = Debug|Win32
		{9ACE21E4-1EA9-4E6C-A4C3-E63E1A1FAC75}.Debug|x86.Build.0 = Debug|Win32
		{9ACE21E4-1EA9-4E6C-A4C3-E63E1A1FAC75}.Release|x64.ActiveCfg = Release|x64
		{9ACE21E4-1EA9-4E6C-A4C3-E63E1A1FAC75}.Release|x64.Build.0 = Release|x64
		{9ACE21E4-1EA9-4E6C-A4C3-E63E1A1FAC75}.Release|x86.ActiveCfg = Release|Win32
		{9ACE21E4-1EA9-4E6C-A4C3-E63E1A1FAC75}.Release|x86.Build.0 = Release|Win32
		{70D38B5C-CBF3-415F-8452-CCC51439E5D2}.Debug|x64.ActiveCfg = Debug|x64
		{70D38B5C-CBF3-415F-8452-CCC51439E5D2}.Debug|x64.Build.0 = Debug|x64
		{70D38B5C-CBF3-415F-8452-CCC51439E5D2}.Debug|x86.ActiveCfg = Debug|Win32
		{70D38B5C-CBF3-415F-8452-CCC51439E5D2}.Debug|x86.Build.0 = Debug|Win32
		{70D38B5C-CBF3-415F-8452-CCC51439E5D2}.Release|x64.ActiveCfg = Release|x64
		{70D38B5C-CBF3-415F-8452-CCC51439E5D2}.Release|x64.Build.0 = Release|x64
		{70D38B5C-CBF3-415F-8452-CCC51439E5D2}.Release|x86.ActiveCfg = Release|Win32
		{70D38B5C-CBF3-415F-8452-CCC51439E5D2}.Release|x86.Build.0 = Release|Win32
		{8C0A0AF6-C3AF-4034-B05D-9319E71EFA63}.Debug|x64.ActiveCfg = Debug|x64
		{8C0A0AF6-C3AF-4034-B05D-9319E71EFA63}.Debug|x64.Build.0 = Debug|x64
		{8C0A0AF6-C3AF-4034-B05D-9319E71EFA63}.Debug|x86.ActiveCfg = Debug|Win32
		{8C0A0AF6-C3AF-4034-B05D-9319E71EFA63}.Debug|x86.Build.0 = Debug|Win32
		{8C0A0AF6-C3AF-4034-B05D-9319E71EFA63}.Release|x64.ActiveCfg = Release|x64
		{8C0A0AF6-C3AF-4034-B05D-9319E71EFA63}.Release|x64.Build.0 = Release|x64
		{8C0A0AF6-C3AF-4034-B05D-9319E71EFA63}.Release|x86.ActiveCfg = Release|Win32
		{8C0A0AF6-C3AF-4034-B05D-9319E71EFA63}.Release|x86.Build.0 = Release|Win32
	EndGlobalSection
	GlobalSection(SolutionProperties) = preSolution
		HideSolutionNode = FALSE
	EndGlobalSection
	GlobalSection(ExtensibilityGlobals) = postSolution
		SolutionGuid = {2B6AF52B-53BE-4264-831F-7C18CB0EAE33}
	EndGlobalSection
EndGlobal
