<?xml version="1.0" encoding="utf-8"?>
<Project ToolsVersion="4.0" xmlns="http://schemas.microsoft.com/developer/msbuild/2003">
  <ItemGroup>
    <Filter Include="Source Files">
      <UniqueIdentifier>{4FC737F1-C7A5-4376-A066-2A32D752A2FF}</UniqueIdentifier>
      <Extensions>cpp;c;cc;cxx;def;odl;idl;hpj;bat;asm;asmx</Extensions>
    </Filter>
    <Filter Include="Header Files">
      <UniqueIdentifier>{93995380-89BD-4b04-88EB-625FBE52EBFB}</UniqueIdentifier>
      <Extensions>h;hh;hpp;hxx;hm;inl;inc;xsd</Extensions>
    </Filter>
    <Filter Include="Resource Files">
      <UniqueIdentifier>{67DA6AB6-F800-4c08-8B7A-83BB121AAD01}</UniqueIdentifier>
      <Extensions>rc;ico;cur;bmp;dlg;rc2;rct;bin;rgs;gif;jpg;jpeg;jpe;resx;tiff;tif;png;wav;mfcribbon-ms</Extensions>
    </Filter>
  </ItemGroup>
  <ItemGroup>
    <ClInclude Include="Logger\Logger.h">
      <Filter>Header Files</Filter>
    </ClInclude>
    <ClInclude Include="Server\Server.h">
      <Filter>Header Files</Filter>
    </ClInclude>
    <ClInclude Include="Engine\Engine.h">
      <Filter>Header Files</Filter>
    </ClInclude>
    <ClInclude Include="Message\Message.h">
      <Filter>Header Files</Filter>
    </ClInclude>
    <ClInclude Include="Accounts\AccountStorage\AccountStorage.h">
      <Filter>Header Files</Filter>
    </ClInclude>
    <ClInclude Include="Server\Connection.h">
      <Filter>Header Files</Filter>
    </ClInclude>
    <ClInclude Include="GlobalInfo.h">
      <Filter>Header Files</Filter>
    </ClInclude>
    <ClInclude Include="Accounts\AccountManager.h">
      <Filter>Header Files</Filter>
    </ClInclude>
    <ClInclude Include="PacketFormat\Deserialization.h">
      <Filter>Header Files</Filter>
    </ClInclude>
    <ClInclude Include="PacketFormat\Serialization.h">
      <Filter>Header Files</Filter>
    </ClInclude>
    <ClInclude Include="PacketFormat\PacketFormat.h">
      <Filter>Header Files</Filter>
    </ClInclude>
    <ClInclude Include="TransferableType\Serializable.h">
      <Filter>Header Files</Filter>
    </ClInclude>
    <ClInclude Include="Accounts\AuthenticationResult.h">
      <Filter>Header Files</Filter>
    </ClInclude>
    <ClInclude Include="Accounts\AuthenticationData.h">
      <Filter>Header Files</Filter>
    </ClInclude>
    <ClInclude Include="Accounts\Logout.h">
      <Filter>Header Files</Filter>
    </ClInclude>
    <ClInclude Include="Messages\Chat.h">
      <Filter>Header Files</Filter>
    </ClInclude>
    <ClInclude Include="Messages\Message.h">
      <Filter>Header Files</Filter>
    </ClInclude>
    <ClInclude Include="Messages\MessageManager.h">
      <Filter>Header Files</Filter>
    </ClInclude>
    <ClInclude Include="Messages\Speakers.h">
      <Filter>Header Files</Filter>
    </ClInclude>
    <ClInclude Include="Messages\MessageRequest.h">
      <Filter>Header Files</Filter>
    </ClInclude>
  </ItemGroup>
  <ItemGroup>
    <ClCompile Include="Logger\Logger.cpp">
      <Filter>Source Files</Filter>
    </ClCompile>
    <ClCompile Include="Server\Server.cpp">
      <Filter>Source Files</Filter>
    </ClCompile>
    <ClCompile Include="Main.cpp">
      <Filter>Source Files</Filter>
    </ClCompile>
    <ClCompile Include="Engine\Engine.cpp">
      <Filter>Source Files</Filter>
    </ClCompile>
    <ClCompile Include="Accounts\AccountStorage\AccountStorage.cpp">
      <Filter>Source Files</Filter>
    </ClCompile>
    <ClCompile Include="Accounts\AccountManager.cpp">
      <Filter>Source Files</Filter>
    </ClCompile>
    <ClCompile Include="PacketFormat\Deserialization.cpp">
      <Filter>Source Files</Filter>
    </ClCompile>
    <ClCompile Include="PacketFormat\Serialization.cpp">
      <Filter>Source Files</Filter>
    </ClCompile>
    <ClCompile Include="Accounts\AuthenticationResult.cpp">
      <Filter>Source Files</Filter>
    </ClCompile>
    <ClCompile Include="Accounts\AuthenticationData.cpp">
      <Filter>Source Files</Filter>
    </ClCompile>
    <ClCompile Include="Messages\Chat.cpp">
      <Filter>Source Files</Filter>
    </ClCompile>
    <ClCompile Include="Messages\Message.cpp">
      <Filter>Source Files</Filter>
    </ClCompile>
    <ClCompile Include="Messages\MessageManager.cpp">
      <Filter>Source Files</Filter>
    </ClCompile>
    <ClCompile Include="Messages\MessageRequest.cpp">
      <Filter>Source Files</Filter>
    </ClCompile>
  </ItemGroup>
</Project>